
Microsoft Visual Studio Solution File, Format Version 12.00
# Visual Studio Version 17
VisualStudioVersion = 17.7.34031.279
MinimumVisualStudioVersion = 10.0.40219.1
Project("{9A19103F-16F7-4668-BE54-9A1E7A4F7556}") = "AutonetScraping", "AutonetScraping\AutonetScraping.csproj", "{1477CAD6-5E57-494D-B397-EC9A823D4964}"
EndProject
Project("{FAE04EC0-301F-11D3-BF4B-00C04F79EFBC}") = "Autonet_Domain", "Autonet_Domain\Autonet_Domain.csproj", "{A23A3F6D-10F7-4EC6-A872-6660B3523DBF}"
EndProject
Global
	GlobalSection(SolutionConfigurationPlatforms) = preSolution
		Debug|Any CPU = Debug|Any CPU
		Release|Any CPU = Release|Any CPU
	EndGlobalSection
	GlobalSection(ProjectConfigurationPlatforms) = postSolution
		{1477CAD6-5E57-494D-B397-EC9A823D4964}.Debug|Any CPU.ActiveCfg = Debug|Any CPU
		{1477CAD6-5E57-494D-B397-EC9A823D4964}.Debug|Any CPU.Build.0 = Debug|Any CPU
		{1477CAD6-5E57-494D-B397-EC9A823D4964}.Release|Any CPU.ActiveCfg = Release|Any CPU
		{1477CAD6-5E57-494D-B397-EC9A823D4964}.Release|Any CPU.Build.0 = Release|Any CPU
		{A23A3F6D-10F7-4EC6-A872-6660B3523DBF}.Debug|Any CPU.ActiveCfg = Debug|Any CPU
		{A23A3F6D-10F7-4EC6-A872-6660B3523DBF}.Debug|Any CPU.Build.0 = Debug|Any CPU
		{A23A3F6D-10F7-4EC6-A872-6660B3523DBF}.Release|Any CPU.ActiveCfg = Release|Any CPU
		{A23A3F6D-10F7-4EC6-A872-6660B3523DBF}.Release|Any CPU.Build.0 = Release|Any CPU
	EndGlobalSection
	GlobalSection(SolutionProperties) = preSolution
		HideSolutionNode = FALSE
	EndGlobalSection
	GlobalSection(ExtensibilityGlobals) = postSolution
		SolutionGuid = {87ECBB5A-40CA-4CD1-A367-5E5CB8E5C0AA}
	EndGlobalSection
EndGlobal
